// !$*UTF8*$!
{
	archiveVersion = 1;
	classes = {
	};
	objectVersion = 50;
	objects = {

/* Begin PBXBuildFile section */
		CE13034D25ED9D3E006B7666 /* ChordPickerView.swift in Sources */ = {isa = PBXBuildFile; fileRef = CE13034C25ED9D3E006B7666 /* ChordPickerView.swift */; };
		CE13035A25EDA2BC006B7666 /* ChordPickerContainerView.swift in Sources */ = {isa = PBXBuildFile; fileRef = CE13035925EDA2BC006B7666 /* ChordPickerContainerView.swift */; };
		CE13036A25EDCDA3006B7666 /* Constants.swift in Sources */ = {isa = PBXBuildFile; fileRef = CE13036925EDCDA3006B7666 /* Constants.swift */; };
		CE83FEBB25F188AF00676D3E /* ViewController.swift in Sources */ = {isa = PBXBuildFile; fileRef = CE83FEBA25F188AF00676D3E /* ViewController.swift */; };
		CE9A990925ED86C20023B08A /* Key_TransposerApp.swift in Sources */ = {isa = PBXBuildFile; fileRef = CE9A990825ED86C20023B08A /* Key_TransposerApp.swift */; };
		CE9A990B25ED86C20023B08A /* ContentView.swift in Sources */ = {isa = PBXBuildFile; fileRef = CE9A990A25ED86C20023B08A /* ContentView.swift */; };
		CE9A990D25ED86C50023B08A /* Assets.xcassets in Resources */ = {isa = PBXBuildFile; fileRef = CE9A990C25ED86C50023B08A /* Assets.xcassets */; };
		CE9A991025ED86C50023B08A /* Preview Assets.xcassets in Resources */ = {isa = PBXBuildFile; fileRef = CE9A990F25ED86C50023B08A /* Preview Assets.xcassets */; };
		CE9A991B25ED86C60023B08A /* Key_TransposerTests.swift in Sources */ = {isa = PBXBuildFile; fileRef = CE9A991A25ED86C60023B08A /* Key_TransposerTests.swift */; };
		CE9A992625ED86C60023B08A /* Key_TransposerUITests.swift in Sources */ = {isa = PBXBuildFile; fileRef = CE9A992525ED86C60023B08A /* Key_TransposerUITests.swift */; };
/* End PBXBuildFile section */

/* Begin PBXContainerItemProxy section */
		CE9A991725ED86C50023B08A /* PBXContainerItemProxy */ = {
			isa = PBXContainerItemProxy;
			containerPortal = CE9A98FD25ED86C20023B08A /* Project object */;
			proxyType = 1;
			remoteGlobalIDString = CE9A990425ED86C20023B08A;
			remoteInfo = "Key Transposer";
		};
		CE9A992225ED86C60023B08A /* PBXContainerItemProxy */ = {
			isa = PBXContainerItemProxy;
			containerPortal = CE9A98FD25ED86C20023B08A /* Project object */;
			proxyType = 1;
			remoteGlobalIDString = CE9A990425ED86C20023B08A;
			remoteInfo = "Key Transposer";
		};
/* End PBXContainerItemProxy section */

/* Begin PBXFileReference section */
		CE13034C25ED9D3E006B7666 /* ChordPickerView.swift */ = {isa = PBXFileReference; lastKnownFileType = sourcecode.swift; path = ChordPickerView.swift; sourceTree = "<group>"; };
		CE13035925EDA2BC006B7666 /* ChordPickerContainerView.swift */ = {isa = PBXFileReference; lastKnownFileType = sourcecode.swift; path = ChordPickerContainerView.swift; sourceTree = "<group>"; };
		CE13036925EDCDA3006B7666 /* Constants.swift */ = {isa = PBXFileReference; lastKnownFileType = sourcecode.swift; path = Constants.swift; sourceTree = "<group>"; };
		CE83FEBA25F188AF00676D3E /* ViewController.swift */ = {isa = PBXFileReference; lastKnownFileType = sourcecode.swift; path = ViewController.swift; sourceTree = "<group>"; };
		CE9A990525ED86C20023B08A /* Key Transposer.app */ = {isa = PBXFileReference; explicitFileType = wrapper.application; includeInIndex = 0; path = "Key Transposer.app"; sourceTree = BUILT_PRODUCTS_DIR; };
		CE9A990825ED86C20023B08A /* Key_TransposerApp.swift */ = {isa = PBXFileReference; lastKnownFileType = sourcecode.swift; path = Key_TransposerApp.swift; sourceTree = "<group>"; };
		CE9A990A25ED86C20023B08A /* ContentView.swift */ = {isa = PBXFileReference; lastKnownFileType = sourcecode.swift; path = ContentView.swift; sourceTree = "<group>"; };
		CE9A990C25ED86C50023B08A /* Assets.xcassets */ = {isa = PBXFileReference; lastKnownFileType = folder.assetcatalog; path = Assets.xcassets; sourceTree = "<group>"; };
		CE9A990F25ED86C50023B08A /* Preview Assets.xcassets */ = {isa = PBXFileReference; lastKnownFileType = folder.assetcatalog; path = "Preview Assets.xcassets"; sourceTree = "<group>"; };
		CE9A991125ED86C50023B08A /* Info.plist */ = {isa = PBXFileReference; lastKnownFileType = text.plist.xml; path = Info.plist; sourceTree = "<group>"; };
		CE9A991625ED86C50023B08A /* Key TransposerTests.xctest */ = {isa = PBXFileReference; explicitFileType = wrapper.cfbundle; includeInIndex = 0; path = "Key TransposerTests.xctest"; sourceTree = BUILT_PRODUCTS_DIR; };
		CE9A991A25ED86C60023B08A /* Key_TransposerTests.swift */ = {isa = PBXFileReference; lastKnownFileType = sourcecode.swift; path = Key_TransposerTests.swift; sourceTree = "<group>"; };
		CE9A991C25ED86C60023B08A /* Info.plist */ = {isa = PBXFileReference; lastKnownFileType = text.plist.xml; path = Info.plist; sourceTree = "<group>"; };
		CE9A992125ED86C60023B08A /* Key TransposerUITests.xctest */ = {isa = PBXFileReference; explicitFileType = wrapper.cfbundle; includeInIndex = 0; path = "Key TransposerUITests.xctest"; sourceTree = BUILT_PRODUCTS_DIR; };
		CE9A992525ED86C60023B08A /* Key_TransposerUITests.swift */ = {isa = PBXFileReference; lastKnownFileType = sourcecode.swift; path = Key_TransposerUITests.swift; sourceTree = "<group>"; };
		CE9A992725ED86C60023B08A /* Info.plist */ = {isa = PBXFileReference; lastKnownFileType = text.plist.xml; path = Info.plist; sourceTree = "<group>"; };
/* End PBXFileReference section */

/* Begin PBXFrameworksBuildPhase section */
		CE9A990225ED86C20023B08A /* Frameworks */ = {
			isa = PBXFrameworksBuildPhase;
			buildActionMask = 2147483647;
			files = (
			);
			runOnlyForDeploymentPostprocessing = 0;
		};
		CE9A991325ED86C50023B08A /* Frameworks */ = {
			isa = PBXFrameworksBuildPhase;
			buildActionMask = 2147483647;
			files = (
			);
			runOnlyForDeploymentPostprocessing = 0;
		};
		CE9A991E25ED86C60023B08A /* Frameworks */ = {
			isa = PBXFrameworksBuildPhase;
			buildActionMask = 2147483647;
			files = (
			);
			runOnlyForDeploymentPostprocessing = 0;
		};
/* End PBXFrameworksBuildPhase section */

/* Begin PBXGroup section */
		CE9A98FC25ED86C20023B08A = {
			isa = PBXGroup;
			children = (
				CE83FEBA25F188AF00676D3E /* ViewController.swift */,
				CE9A990725ED86C20023B08A /* Key Transposer */,
				CE9A991925ED86C60023B08A /* Key TransposerTests */,
				CE9A992425ED86C60023B08A /* Key TransposerUITests */,
				CE9A990625ED86C20023B08A /* Products */,
			);
			sourceTree = "<group>";
		};
		CE9A990625ED86C20023B08A /* Products */ = {
			isa = PBXGroup;
			children = (
				CE9A990525ED86C20023B08A /* Key Transposer.app */,
				CE9A991625ED86C50023B08A /* Key TransposerTests.xctest */,
				CE9A992125ED86C60023B08A /* Key TransposerUITests.xctest */,
			);
			name = Products;
			sourceTree = "<group>";
		};
		CE9A990725ED86C20023B08A /* Key Transposer */ = {
			isa = PBXGroup;
			children = (
				CE9A990825ED86C20023B08A /* Key_TransposerApp.swift */,
				CE9A990A25ED86C20023B08A /* ContentView.swift */,
				CE9A990C25ED86C50023B08A /* Assets.xcassets */,
				CE9A991125ED86C50023B08A /* Info.plist */,
				CE9A990E25ED86C50023B08A /* Preview Content */,
				CE13034C25ED9D3E006B7666 /* ChordPickerView.swift */,
				CE13035925EDA2BC006B7666 /* ChordPickerContainerView.swift */,
				CE13036925EDCDA3006B7666 /* Constants.swift */,
			);
			path = "Key Transposer";
			sourceTree = "<group>";
		};
		CE9A990E25ED86C50023B08A /* Preview Content */ = {
			isa = PBXGroup;
			children = (
				CE9A990F25ED86C50023B08A /* Preview Assets.xcassets */,
			);
			path = "Preview Content";
			sourceTree = "<group>";
		};
		CE9A991925ED86C60023B08A /* Key TransposerTests */ = {
			isa = PBXGroup;
			children = (
				CE9A991A25ED86C60023B08A /* Key_TransposerTests.swift */,
				CE9A991C25ED86C60023B08A /* Info.plist */,
			);
			path = "Key TransposerTests";
			sourceTree = "<group>";
		};
		CE9A992425ED86C60023B08A /* Key TransposerUITests */ = {
			isa = PBXGroup;
			children = (
				CE9A992525ED86C60023B08A /* Key_TransposerUITests.swift */,
				CE9A992725ED86C60023B08A /* Info.plist */,
			);
			path = "Key TransposerUITests";
			sourceTree = "<group>";
		};
/* End PBXGroup section */

/* Begin PBXNativeTarget section */
		CE9A990425ED86C20023B08A /* Key Transposer */ = {
			isa = PBXNativeTarget;
			buildConfigurationList = CE9A992A25ED86C60023B08A /* Build configuration list for PBXNativeTarget "Key Transposer" */;
			buildPhases = (
				CE9A990125ED86C20023B08A /* Sources */,
				CE9A990225ED86C20023B08A /* Frameworks */,
				CE9A990325ED86C20023B08A /* Resources */,
			);
			buildRules = (
			);
			dependencies = (
			);
			name = "Key Transposer";
			productName = "Key Transposer";
			productReference = CE9A990525ED86C20023B08A /* Key Transposer.app */;
			productType = "com.apple.product-type.application";
		};
		CE9A991525ED86C50023B08A /* Key TransposerTests */ = {
			isa = PBXNativeTarget;
			buildConfigurationList = CE9A992D25ED86C60023B08A /* Build configuration list for PBXNativeTarget "Key TransposerTests" */;
			buildPhases = (
				CE9A991225ED86C50023B08A /* Sources */,
				CE9A991325ED86C50023B08A /* Frameworks */,
				CE9A991425ED86C50023B08A /* Resources */,
			);
			buildRules = (
			);
			dependencies = (
				CE9A991825ED86C50023B08A /* PBXTargetDependency */,
			);
			name = "Key TransposerTests";
			productName = "Key TransposerTests";
			productReference = CE9A991625ED86C50023B08A /* Key TransposerTests.xctest */;
			productType = "com.apple.product-type.bundle.unit-test";
		};
		CE9A992025ED86C60023B08A /* Key TransposerUITests */ = {
			isa = PBXNativeTarget;
			buildConfigurationList = CE9A993025ED86C60023B08A /* Build configuration list for PBXNativeTarget "Key TransposerUITests" */;
			buildPhases = (
				CE9A991D25ED86C60023B08A /* Sources */,
				CE9A991E25ED86C60023B08A /* Frameworks */,
				CE9A991F25ED86C60023B08A /* Resources */,
			);
			buildRules = (
			);
			dependencies = (
				CE9A992325ED86C60023B08A /* PBXTargetDependency */,
			);
			name = "Key TransposerUITests";
			productName = "Key TransposerUITests";
			productReference = CE9A992125ED86C60023B08A /* Key TransposerUITests.xctest */;
			productType = "com.apple.product-type.bundle.ui-testing";
		};
/* End PBXNativeTarget section */

/* Begin PBXProject section */
		CE9A98FD25ED86C20023B08A /* Project object */ = {
			isa = PBXProject;
			attributes = {
				LastSwiftUpdateCheck = 1240;
				LastUpgradeCheck = 1240;
				TargetAttributes = {
					CE9A990425ED86C20023B08A = {
						CreatedOnToolsVersion = 12.4;
					};
					CE9A991525ED86C50023B08A = {
						CreatedOnToolsVersion = 12.4;
						TestTargetID = CE9A990425ED86C20023B08A;
					};
					CE9A992025ED86C60023B08A = {
						CreatedOnToolsVersion = 12.4;
						TestTargetID = CE9A990425ED86C20023B08A;
					};
				};
			};
			buildConfigurationList = CE9A990025ED86C20023B08A /* Build configuration list for PBXProject "Key Transposer" */;
			compatibilityVersion = "Xcode 9.3";
			developmentRegion = en;
			hasScannedForEncodings = 0;
			knownRegions = (
				en,
				Base,
			);
			mainGroup = CE9A98FC25ED86C20023B08A;
			productRefGroup = CE9A990625ED86C20023B08A /* Products */;
			projectDirPath = "";
			projectRoot = "";
			targets = (
				CE9A990425ED86C20023B08A /* Key Transposer */,
				CE9A991525ED86C50023B08A /* Key TransposerTests */,
				CE9A992025ED86C60023B08A /* Key TransposerUITests */,
			);
		};
/* End PBXProject section */

/* Begin PBXResourcesBuildPhase section */
		CE9A990325ED86C20023B08A /* Resources */ = {
			isa = PBXResourcesBuildPhase;
			buildActionMask = 2147483647;
			files = (
				CE9A991025ED86C50023B08A /* Preview Assets.xcassets in Resources */,
				CE9A990D25ED86C50023B08A /* Assets.xcassets in Resources */,
			);
			runOnlyForDeploymentPostprocessing = 0;
		};
		CE9A991425ED86C50023B08A /* Resources */ = {
			isa = PBXResourcesBuildPhase;
			buildActionMask = 2147483647;
			files = (
			);
			runOnlyForDeploymentPostprocessing = 0;
		};
		CE9A991F25ED86C60023B08A /* Resources */ = {
			isa = PBXResourcesBuildPhase;
			buildActionMask = 2147483647;
			files = (
			);
			runOnlyForDeploymentPostprocessing = 0;
		};
/* End PBXResourcesBuildPhase section */

/* Begin PBXSourcesBuildPhase section */
		CE9A990125ED86C20023B08A /* Sources */ = {
			isa = PBXSourcesBuildPhase;
			buildActionMask = 2147483647;
			files = (
				CE83FEBB25F188AF00676D3E /* ViewController.swift in Sources */,
				CE13036A25EDCDA3006B7666 /* Constants.swift in Sources */,
				CE9A990B25ED86C20023B08A /* ContentView.swift in Sources */,
				CE13035A25EDA2BC006B7666 /* ChordPickerContainerView.swift in Sources */,
				CE13034D25ED9D3E006B7666 /* ChordPickerView.swift in Sources */,
				CE9A990925ED86C20023B08A /* Key_TransposerApp.swift in Sources */,
			);
			runOnlyForDeploymentPostprocessing = 0;
		};
		CE9A991225ED86C50023B08A /* Sources */ = {
			isa = PBXSourcesBuildPhase;
			buildActionMask = 2147483647;
			files = (
				CE9A991B25ED86C60023B08A /* Key_TransposerTests.swift in Sources */,
			);
			runOnlyForDeploymentPostprocessing = 0;
		};
		CE9A991D25ED86C60023B08A /* Sources */ = {
			isa = PBXSourcesBuildPhase;
			buildActionMask = 2147483647;
			files = (
				CE9A992625ED86C60023B08A /* Key_TransposerUITests.swift in Sources */,
			);
			runOnlyForDeploymentPostprocessing = 0;
		};
/* End PBXSourcesBuildPhase section */

/* Begin PBXTargetDependency section */
		CE9A991825ED86C50023B08A /* PBXTargetDependency */ = {
			isa = PBXTargetDependency;
			target = CE9A990425ED86C20023B08A /* Key Transposer */;
			targetProxy = CE9A991725ED86C50023B08A /* PBXContainerItemProxy */;
		};
		CE9A992325ED86C60023B08A /* PBXTargetDependency */ = {
			isa = PBXTargetDependency;
			target = CE9A990425ED86C20023B08A /* Key Transposer */;
			targetProxy = CE9A992225ED86C60023B08A /* PBXContainerItemProxy */;
		};
/* End PBXTargetDependency section */

/* Begin XCBuildConfiguration section */
		CE9A992825ED86C60023B08A /* Debug */ = {
			isa = XCBuildConfiguration;
			buildSettings = {
				ALWAYS_SEARCH_USER_PATHS = NO;
				CLANG_ANALYZER_NONNULL = YES;
				CLANG_ANALYZER_NUMBER_OBJECT_CONVERSION = YES_AGGRESSIVE;
				CLANG_CXX_LANGUAGE_STANDARD = "gnu++14";
				CLANG_CXX_LIBRARY = "libc++";
				CLANG_ENABLE_MODULES = YES;
				CLANG_ENABLE_OBJC_ARC = YES;
				CLANG_ENABLE_OBJC_WEAK = YES;
				CLANG_WARN_BLOCK_CAPTURE_AUTORELEASING = YES;
				CLANG_WARN_BOOL_CONVERSION = YES;
				CLANG_WARN_COMMA = YES;
				CLANG_WARN_CONSTANT_CONVERSION = YES;
				CLANG_WARN_DEPRECATED_OBJC_IMPLEMENTATIONS = YES;
				CLANG_WARN_DIRECT_OBJC_ISA_USAGE = YES_ERROR;
				CLANG_WARN_DOCUMENTATION_COMMENTS = YES;
				CLANG_WARN_EMPTY_BODY = YES;
				CLANG_WARN_ENUM_CONVERSION = YES;
				CLANG_WARN_INFINITE_RECURSION = YES;
				CLANG_WARN_INT_CONVERSION = YES;
				CLANG_WARN_NON_LITERAL_NULL_CONVERSION = YES;
				CLANG_WARN_OBJC_IMPLICIT_RETAIN_SELF = YES;
				CLANG_WARN_OBJC_LITERAL_CONVERSION = YES;
				CLANG_WARN_OBJC_ROOT_CLASS = YES_ERROR;
				CLANG_WARN_QUOTED_INCLUDE_IN_FRAMEWORK_HEADER = YES;
				CLANG_WARN_RANGE_LOOP_ANALYSIS = YES;
				CLANG_WARN_STRICT_PROTOTYPES = YES;
				CLANG_WARN_SUSPICIOUS_MOVE = YES;
				CLANG_WARN_UNGUARDED_AVAILABILITY = YES_AGGRESSIVE;
				CLANG_WARN_UNREACHABLE_CODE = YES;
				CLANG_WARN__DUPLICATE_METHOD_MATCH = YES;
				COPY_PHASE_STRIP = NO;
				DEBUG_INFORMATION_FORMAT = dwarf;
				ENABLE_STRICT_OBJC_MSGSEND = YES;
				ENABLE_TESTABILITY = YES;
				GCC_C_LANGUAGE_STANDARD = gnu11;
				GCC_DYNAMIC_NO_PIC = NO;
				GCC_NO_COMMON_BLOCKS = YES;
				GCC_OPTIMIZATION_LEVEL = 0;
				GCC_PREPROCESSOR_DEFINITIONS = (
					"DEBUG=1",
					"$(inherited)",
				);
				GCC_WARN_64_TO_32_BIT_CONVERSION = YES;
				GCC_WARN_ABOUT_RETURN_TYPE = YES_ERROR;
				GCC_WARN_UNDECLARED_SELECTOR = YES;
				GCC_WARN_UNINITIALIZED_AUTOS = YES_AGGRESSIVE;
				GCC_WARN_UNUSED_FUNCTION = YES;
				GCC_WARN_UNUSED_VARIABLE = YES;
				IPHONEOS_DEPLOYMENT_TARGET = 14.4;
				MTL_ENABLE_DEBUG_INFO = INCLUDE_SOURCE;
				MTL_FAST_MATH = YES;
				ONLY_ACTIVE_ARCH = YES;
				SDKROOT = iphoneos;
				SWIFT_ACTIVE_COMPILATION_CONDITIONS = DEBUG;
				SWIFT_OPTIMIZATION_LEVEL = "-Onone";
			};
			name = Debug;
		};
		CE9A992925ED86C60023B08A /* Release */ = {
			isa = XCBuildConfiguration;
			buildSettings = {
				ALWAYS_SEARCH_USER_PATHS = NO;
				CLANG_ANALYZER_NONNULL = YES;
				CLANG_ANALYZER_NUMBER_OBJECT_CONVERSION = YES_AGGRESSIVE;
				CLANG_CXX_LANGUAGE_STANDARD = "gnu++14";
				CLANG_CXX_LIBRARY = "libc++";
				CLANG_ENABLE_MODULES = YES;
				CLANG_ENABLE_OBJC_ARC = YES;
				CLANG_ENABLE_OBJC_WEAK = YES;
				CLANG_WARN_BLOCK_CAPTURE_AUTORELEASING = YES;
				CLANG_WARN_BOOL_CONVERSION = YES;
				CLANG_WARN_COMMA = YES;
				CLANG_WARN_CONSTANT_CONVERSION = YES;
				CLANG_WARN_DEPRECATED_OBJC_IMPLEMENTATIONS = YES;
				CLANG_WARN_DIRECT_OBJC_ISA_USAGE = YES_ERROR;
				CLANG_WARN_DOCUMENTATION_COMMENTS = YES;
				CLANG_WARN_EMPTY_BODY = YES;
				CLANG_WARN_ENUM_CONVERSION = YES;
				CLANG_WARN_INFINITE_RECURSION = YES;
				CLANG_WARN_INT_CONVERSION = YES;
				CLANG_WARN_NON_LITERAL_NULL_CONVERSION = YES;
				CLANG_WARN_OBJC_IMPLICIT_RETAIN_SELF = YES;
				CLANG_WARN_OBJC_LITERAL_CONVERSION = YES;
				CLANG_WARN_OBJC_ROOT_CLASS = YES_ERROR;
				CLANG_WARN_QUOTED_INCLUDE_IN_FRAMEWORK_HEADER = YES;
				CLANG_WARN_RANGE_LOOP_ANALYSIS = YES;
				CLANG_WARN_STRICT_PROTOTYPES = YES;
				CLANG_WARN_SUSPICIOUS_MOVE = YES;
				CLANG_WARN_UNGUARDED_AVAILABILITY = YES_AGGRESSIVE;
				CLANG_WARN_UNREACHABLE_CODE = YES;
				CLANG_WARN__DUPLICATE_METHOD_MATCH = YES;
				COPY_PHASE_STRIP = NO;
				DEBUG_INFORMATION_FORMAT = "dwarf-with-dsym";
				ENABLE_NS_ASSERTIONS = NO;
				ENABLE_STRICT_OBJC_MSGSEND = YES;
				GCC_C_LANGUAGE_STANDARD = gnu11;
				GCC_NO_COMMON_BLOCKS = YES;
				GCC_WARN_64_TO_32_BIT_CONVERSION = YES;
				GCC_WARN_ABOUT_RETURN_TYPE = YES_ERROR;
				GCC_WARN_UNDECLARED_SELECTOR = YES;
				GCC_WARN_UNINITIALIZED_AUTOS = YES_AGGRESSIVE;
				GCC_WARN_UNUSED_FUNCTION = YES;
				GCC_WARN_UNUSED_VARIABLE = YES;
				IPHONEOS_DEPLOYMENT_TARGET = 14.4;
				MTL_ENABLE_DEBUG_INFO = NO;
				MTL_FAST_MATH = YES;
				SDKROOT = iphoneos;
				SWIFT_COMPILATION_MODE = wholemodule;
				SWIFT_OPTIMIZATION_LEVEL = "-O";
				VALIDATE_PRODUCT = YES;
			};
			name = Release;
		};
		CE9A992B25ED86C60023B08A /* Debug */ = {
			isa = XCBuildConfiguration;
			buildSettings = {
				ASSETCATALOG_COMPILER_APPICON_NAME = AppIcon;
				ASSETCATALOG_COMPILER_GLOBAL_ACCENT_COLOR_NAME = AccentColor;
				CODE_SIGN_STYLE = Automatic;
				DEVELOPMENT_ASSET_PATHS = "\"Key Transposer/Preview Content\"";
				DEVELOPMENT_TEAM = R7Q5PH48YP;
				ENABLE_PREVIEWS = YES;
				INFOPLIST_FILE = "Key Transposer/Info.plist";
				IPHONEOS_DEPLOYMENT_TARGET = 14.0;
				LD_RUNPATH_SEARCH_PATHS = (
					"$(inherited)",
					"@executable_path/Frameworks",
				);
				PRODUCT_BUNDLE_IDENTIFIER = "Nick-Simone.Key-Transposer";
				PRODUCT_NAME = "$(TARGET_NAME)";
				SWIFT_VERSION = 5.0;
				TARGETED_DEVICE_FAMILY = "1,2";
			};
			name = Debug;
		};
		CE9A992C25ED86C60023B08A /* Release */ = {
			isa = XCBuildConfiguration;
			buildSettings = {
				ASSETCATALOG_COMPILER_APPICON_NAME = AppIcon;
				ASSETCATALOG_COMPILER_GLOBAL_ACCENT_COLOR_NAME = AccentColor;
				CODE_SIGN_STYLE = Automatic;
				DEVELOPMENT_ASSET_PATHS = "\"Key Transposer/Preview Content\"";
				DEVELOPMENT_TEAM = R7Q5PH48YP;
				ENABLE_PREVIEWS = YES;
				INFOPLIST_FILE = "Key Transposer/Info.plist";
				IPHONEOS_DEPLOYMENT_TARGET = 14.0;
				LD_RUNPATH_SEARCH_PATHS = (
					"$(inherited)",
					"@executable_path/Frameworks",
				);
				PRODUCT_BUNDLE_IDENTIFIER = "Nick-Simone.Key-Transposer";
				PRODUCT_NAME = "$(TARGET_NAME)";
				SWIFT_VERSION = 5.0;
				TARGETED_DEVICE_FAMILY = "1,2";
			};
			name = Release;
		};
		CE9A992E25ED86C60023B08A /* Debug */ = {
			isa = XCBuildConfiguration;
			buildSettings = {
				ALWAYS_EMBED_SWIFT_STANDARD_LIBRARIES = YES;
				BUNDLE_LOADER = "$(TEST_HOST)";
				CODE_SIGN_STYLE = Automatic;
				INFOPLIST_FILE = "Key TransposerTests/Info.plist";
				IPHONEOS_DEPLOYMENT_TARGET = 14.0;
				LD_RUNPATH_SEARCH_PATHS = (
					"$(inherited)",
					"@executable_path/Frameworks",
					"@loader_path/Frameworks",
				);
				PRODUCT_BUNDLE_IDENTIFIER = "Nick-Simone.Key-TransposerTests";
				PRODUCT_NAME = "$(TARGET_NAME)";
				SWIFT_VERSION = 5.0;
				TARGETED_DEVICE_FAMILY = "1,2";
				TEST_HOST = "$(BUILT_PRODUCTS_DIR)/Key Transposer.app/Key Transposer";
			};
			name = Debug;
		};
		CE9A992F25ED86C60023B08A /* Release */ = {
			isa = XCBuildConfiguration;
			buildSettings = {
				ALWAYS_EMBED_SWIFT_STANDARD_LIBRARIES = YES;
				BUNDLE_LOADER = "$(TEST_HOST)";
				CODE_SIGN_STYLE = Automatic;
				INFOPLIST_FILE = "Key TransposerTests/Info.plist";
				IPHONEOS_DEPLOYMENT_TARGET = 14.0;
				LD_RUNPATH_SEARCH_PATHS = (
					"$(inherited)",
					"@executable_path/Frameworks",
					"@loader_path/Frameworks",
				);
				PRODUCT_BUNDLE_IDENTIFIER = "Nick-Simone.Key-TransposerTests";
				PRODUCT_NAME = "$(TARGET_NAME)";
				SWIFT_VERSION = 5.0;
				TARGETED_DEVICE_FAMILY = "1,2";
				TEST_HOST = "$(BUILT_PRODUCTS_DIR)/Key Transposer.app/Key Transposer";
			};
			name = Release;
		};
		CE9A993125ED86C60023B08A /* Debug */ = {
			isa = XCBuildConfiguration;
			buildSettings = {
				ALWAYS_EMBED_SWIFT_STANDARD_LIBRARIES = YES;
				CODE_SIGN_STYLE = Automatic;
				INFOPLIST_FILE = "Key TransposerUITests/Info.plist";
				LD_RUNPATH_SEARCH_PATHS = (
					"$(inherited)",
					"@executable_path/Frameworks",
					"@loader_path/Frameworks",
				);
				PRODUCT_BUNDLE_IDENTIFIER = "Nick-Simone.Key-TransposerUITests";
				PRODUCT_NAME = "$(TARGET_NAME)";
				SWIFT_VERSION = 5.0;
				TARGETED_DEVICE_FAMILY = "1,2";
				TEST_TARGET_NAME = "Key Transposer";
			};
			name = Debug;
		};
		CE9A993225ED86C60023B08A /* Release */ = {
			isa = XCBuildConfiguration;
			buildSettings = {
				ALWAYS_EMBED_SWIFT_STANDARD_LIBRARIES = YES;
				CODE_SIGN_STYLE = Automatic;
				INFOPLIST_FILE = "Key TransposerUITests/Info.plist";
				LD_RUNPATH_SEARCH_PATHS = (
					"$(inherited)",
					"@executable_path/Frameworks",
					"@loader_path/Frameworks",
				);
				PRODUCT_BUNDLE_IDENTIFIER = "Nick-Simone.Key-TransposerUITests";
				PRODUCT_NAME = "$(TARGET_NAME)";
				SWIFT_VERSION = 5.0;
				TARGETED_DEVICE_FAMILY = "1,2";
				TEST_TARGET_NAME = "Key Transposer";
			};
			name = Release;
		};
/* End XCBuildConfiguration section */

/* Begin XCConfigurationList section */
		CE9A990025ED86C20023B08A /* Build configuration list for PBXProject "Key Transposer" */ = {
			isa = XCConfigurationList;
			buildConfigurations = (
				CE9A992825ED86C60023B08A /* Debug */,
				CE9A992925ED86C60023B08A /* Release */,
			);
			defaultConfigurationIsVisible = 0;
			defaultConfigurationName = Release;
		};
		CE9A992A25ED86C60023B08A /* Build configuration list for PBXNativeTarget "Key Transposer" */ = {
			isa = XCConfigurationList;
			buildConfigurations = (
				CE9A992B25ED86C60023B08A /* Debug */,
				CE9A992C25ED86C60023B08A /* Release */,
			);
			defaultConfigurationIsVisible = 0;
			defaultConfigurationName = Release;
		};
		CE9A992D25ED86C60023B08A /* Build configuration list for PBXNativeTarget "Key TransposerTests" */ = {
			isa = XCConfigurationList;
			buildConfigurations = (
				CE9A992E25ED86C60023B08A /* Debug */,
				CE9A992F25ED86C60023B08A /* Release */,
			);
			defaultConfigurationIsVisible = 0;
			defaultConfigurationName = Release;
		};
		CE9A993025ED86C60023B08A /* Build configuration list for PBXNativeTarget "Key TransposerUITests" */ = {
			isa = XCConfigurationList;
			buildConfigurations = (
				CE9A993125ED86C60023B08A /* Debug */,
				CE9A993225ED86C60023B08A /* Release */,
			);
			defaultConfigurationIsVisible = 0;
			defaultConfigurationName = Release;
		};
/* End XCConfigurationList section */
	};
	rootObject = CE9A98FD25ED86C20023B08A /* Project object */;
}
